# This file is automatically @generated by Cargo.
# It is not intended for manual editing.
version = 3

[[package]]
name = "bmf-parse"
version = "0.1.4"
dependencies = [
 "bstringify",
 "paste",
]

[[package]]
name = "bstringify"
version = "0.1.2"
source = "registry+https://github.com/rust-lang/crates.io-index"
checksum = "bd769563b4ea2953e2825c9e6b7470a5f55f67e0be00030bf3e390a2a6071f64"

[[package]]
name = "paste"
version = "1.0.12"
source = "registry+https://github.com/rust-lang/crates.io-index"
checksum = "9f746c4065a8fa3fe23974dd82f15431cc8d40779821001404d10d2e79ca7d79"
